<Solution>
  <Folder Name="/src/">
    <Project Path="src/SmartEventBooking.Application/SmartEventBooking.Application.csproj" />
    <Project Path="src/SmartEventBooking.Domain/SmartEventBooking.Domain.csproj" />
    <Project Path="src/SmartEventBooking.Infrastructure/SmartEventBooking.Infrastructure.csproj" />
    <Project Path="src/SmartEventBooking.Shared/SmartEventBooking.Shared.csproj" />
    <Project Path="src/SmartEventBooking.Web/SmartEventBooking.Web.csproj" />
  </Folder>
  <Folder Name="/tests/">
    <Project Path="SmartEventBooking.Infrastructure.IntegrationTests/SmartEventBooking.Infrastructure.IntegrationTests.csproj" Id="ff0fdb7a-e2f2-4d11-8c5d-fee1440c01a1">
      <Build Solution="Debug|*" Project="false" />
    </Project>
    <Project Path="SmartEventBooking.Infrastructure.UnitTests/SmartEventBooking.Infrastructure.UnitTests.csproj" Id="c87eafba-727f-4bc3-8384-ef0721e5d1a7">
      <Build Solution="Debug|*" Project="false" />
    </Project>
    <Project Path="tests/SmartEventBooking.Web.Tests/SmartEventBooking.Web.Tests.csproj" />
  </Folder>
</Solution>
