<Solution>
  <Folder Name="/src/">
    <Project Path="src/SmartEventBooking.Application/SmartEventBooking.Application.csproj" />
    <Project Path="src/SmartEventBooking.Domain/SmartEventBooking.Domain.csproj" />
    <Project Path="src/SmartEventBooking.Infrastructure/SmartEventBooking.Infrastructure.csproj" />
    <Project Path="src/SmartEventBooking.Shared/SmartEventBooking.Shared.csproj" />
    <Project Path="src/SmartEventBooking.Web/SmartEventBooking.Web.csproj" />
  </Folder>
  <Folder Name="/tests/">
    <File Path="src/SmartEventBooking.Web/.env" />
    <Project Path="tests/SmartEventBooking.Infrastructure.IntegrationTests/SmartEventBooking.Infrastructure.IntegrationTests.csproj" />
    <Project Path="tests/SmartEventBooking.Infrastructure.UnitTests/SmartEventBooking.Infrastructure.UnitTests.csproj" />
    <Project Path="tests/SmartEventBooking.Web.Tests/SmartEventBooking.Web.Tests.csproj" />
  </Folder>
</Solution>
